{
  "name": "node-js-getting-started",
  "version": "0.3.0",
  "lockfileVersion": 3,
  "requires": true,
  "packages": {
    "": {
      "name": "node-js-getting-started",
      "version": "0.3.0",
      "dependencies": {
        "cerbos": "^0.38.1"
      },
      "engines": {
        "node": "20.x"
      }
    },
    "node_modules/@cerbos/cerbos-darwin-arm64": {
      "version": "0.38.1",
      "resolved": "https://registry.npmjs.org/@cerbos/cerbos-darwin-arm64/-/cerbos-darwin-arm64-0.38.1.tgz",
      "integrity": "sha512-wDbf+1Ns0AUgo5eV5ZA7EycwVbycgz1oscUNv1PjozzdNnmfGWLzd/ZZRcUau3hFJxmJ0M6Xxr62gOYrFxXBPg==",
      "cpu": [
        "arm64"
      ],
      "optional": true,
      "os": [
        "darwin"
      ]
    },
    "node_modules/@cerbos/cerbos-darwin-x64": {
      "version": "0.38.1",
      "resolved": "https://registry.npmjs.org/@cerbos/cerbos-darwin-x64/-/cerbos-darwin-x64-0.38.1.tgz",
      "integrity": "sha512-BqIBh8nuSE0V7kW1mcYu/eqVpezfprjkhb2Si6bVneKtNej0qyfqrMeq9Cz5dSis5+xgFhK9Mlyfi8CNIXR9tQ==",
      "cpu": [
        "x64"
      ],
      "optional": true,
      "os": [
        "darwin"
      ]
    },
    "node_modules/@cerbos/cerbos-linux-arm64": {
      "version": "0.38.1",
      "resolved": "https://registry.npmjs.org/@cerbos/cerbos-linux-arm64/-/cerbos-linux-arm64-0.38.1.tgz",
      "integrity": "sha512-Gkq4gm3iy7QinOj0X0d3+fCT6Y59TNphRgkpNHnVTHguN7uAUuuXt3YqWpGiA0Kjd377Nmwt8nsEOpYu6XUJlw==",
      "cpu": [
        "arm64"
      ],
      "optional": true,
      "os": [
        "linux"
      ]
    },
    "node_modules/@cerbos/cerbos-linux-x64": {
      "version": "0.38.1",
      "resolved": "https://registry.npmjs.org/@cerbos/cerbos-linux-x64/-/cerbos-linux-x64-0.38.1.tgz",
      "integrity": "sha512-rQJmZW5eutvnrDtQkcfG3gJMOioFPrxnW96ZjLFP1v3SMg2a7vCmmbllqD8vV1ImkZXfFubpogyNcVhFt6lWCg==",
      "cpu": [
        "x64"
      ],
      "optional": true,
      "os": [
        "linux"
      ]
    },
    "node_modules/cerbos": {
      "version": "0.38.1",
      "resolved": "https://registry.npmjs.org/cerbos/-/cerbos-0.38.1.tgz",
      "integrity": "sha512-+PR/D80D0Kwqydjzw9fJkSue849/3efAhitkwiRIm0dw2FTNfYT+rriQ9c8oHqHEqC2ApXLEM0NthPphPgDY/A==",
      "bin": {
        "cerbos": "index.js"
      },
      "optionalDependencies": {
        "@cerbos/cerbos-darwin-arm64": "0.38.1",
        "@cerbos/cerbos-darwin-x64": "0.38.1",
        "@cerbos/cerbos-linux-arm64": "0.38.1",
        "@cerbos/cerbos-linux-x64": "0.38.1"
      }
    }
  }
}
